{
  "version": 4,
  "terraform_version": "1.10.1",
  "serial": 37,
  "lineage": "2081c826-ca28-5ec2-6e6d-e325ed6633cb",
  "outputs": {},
  "resources": [
    {
      "mode": "managed",
      "type": "docker_image",
      "name": "dind",
      "provider": "provider[\"registry.terraform.io/kreuzwerker/docker\"]",
      "instances": [
        {
          "schema_version": 0,
          "attributes": {
            "build": [],
            "force_remove": null,
            "id": "sha256:9b17a9f25adf17b88d0a013b4f00160754adf4b07ccbe9986664a49886c2c98edocker:24.0-dind",
            "image_id": "sha256:9b17a9f25adf17b88d0a013b4f00160754adf4b07ccbe9986664a49886c2c98e",
            "keep_locally": false,
            "name": "docker:24.0-dind",
            "platform": null,
            "pull_triggers": null,
            "repo_digest": "docker@sha256:9b17a9f25adf17b88d0a013b4f00160754adf4b07ccbe9986664a49886c2c98e",
            "triggers": null
          },
          "sensitive_attributes": [],
          "private": "bnVsbA=="
        }
      ]
    },
    {
      "mode": "managed",
      "type": "docker_image",
      "name": "jenkins",
      "provider": "provider[\"registry.terraform.io/kreuzwerker/docker\"]",
      "instances": [
        {
          "schema_version": 0,
          "attributes": {
            "build": [],
            "force_remove": null,
            "id": "sha256:2ae242dad2c1fb879483fed11baacb5df4509561db67bcd207942927f81d4192custom-jenkins:latest",
            "image_id": "sha256:2ae242dad2c1fb879483fed11baacb5df4509561db67bcd207942927f81d4192",
            "keep_locally": null,
            "name": "custom-jenkins:latest",
            "platform": null,
            "pull_triggers": null,
            "repo_digest": "custom-jenkins@sha256:2ae242dad2c1fb879483fed11baacb5df4509561db67bcd207942927f81d4192",
            "triggers": null
          },
          "sensitive_attributes": [],
          "private": "bnVsbA=="
        }
      ]
    }
  ],
  "check_results": null
}
