{
  "version": 4,
  "terraform_version": "1.10.1",
  "serial": 3,
  "lineage": "03740767-7c3c-4d47-b887-3b037687a596",
  "outputs": {},
  "resources": [
    {
      "mode": "managed",
      "type": "docker_image",
      "name": "dind",
      "provider": "provider[\"registry.terraform.io/kreuzwerker/docker\"]",
      "instances": [
        {
          "schema_version": 0,
          "attributes": {
            "build": [],
            "force_remove": null,
            "id": "sha256:9b17a9f25adf17b88d0a013b4f00160754adf4b07ccbe9986664a49886c2c98edocker:24.0-dind",
            "image_id": "sha256:9b17a9f25adf17b88d0a013b4f00160754adf4b07ccbe9986664a49886c2c98e",
            "keep_locally": false,
            "name": "docker:24.0-dind",
            "platform": null,
            "pull_triggers": null,
            "repo_digest": "docker@sha256:9b17a9f25adf17b88d0a013b4f00160754adf4b07ccbe9986664a49886c2c98e",
            "triggers": null
          },
          "sensitive_attributes": [],
          "private": "bnVsbA=="
        }
      ]
    }
  ],
  "check_results": null
}
